
Microsoft Visual Studio Solution File, Format Version 12.00
# Visual Studio Version 17
VisualStudioVersion = 17.11.35303.130
MinimumVisualStudioVersion = 10.0.40219.1
Project("{2150E333-8FDC-42A3-9474-1A3956D46DE8}") = "PaymentServices", "PaymentServices", "{F955D5C2-9F5B-4AD5-A767-8EBE6BCF08A9}"
EndProject
Project("{2150E333-8FDC-42A3-9474-1A3956D46DE8}") = "Gateway", "Gateway", "{82B306E6-9328-4AC4-A99A-5AC214430622}"
EndProject
Project("{FAE04EC0-301F-11D3-BF4B-00C04F79EFBC}") = "Payment.WalletAPI", "Payment.WalletAPI\Payment.WalletAPI.csproj", "{1358ECEB-33FE-4448-8F94-D58025AC4E5E}"
EndProject
Global
	GlobalSection(SolutionConfigurationPlatforms) = preSolution
		Debug|Any CPU = Debug|Any CPU
		Release|Any CPU = Release|Any CPU
	EndGlobalSection
	GlobalSection(ProjectConfigurationPlatforms) = postSolution
		{1358ECEB-33FE-4448-8F94-D58025AC4E5E}.Debug|Any CPU.ActiveCfg = Debug|Any CPU
		{1358ECEB-33FE-4448-8F94-D58025AC4E5E}.Debug|Any CPU.Build.0 = Debug|Any CPU
		{1358ECEB-33FE-4448-8F94-D58025AC4E5E}.Release|Any CPU.ActiveCfg = Release|Any CPU
		{1358ECEB-33FE-4448-8F94-D58025AC4E5E}.Release|Any CPU.Build.0 = Release|Any CPU
	EndGlobalSection
	GlobalSection(SolutionProperties) = preSolution
		HideSolutionNode = FALSE
	EndGlobalSection
	GlobalSection(NestedProjects) = preSolution
		{1358ECEB-33FE-4448-8F94-D58025AC4E5E} = {F955D5C2-9F5B-4AD5-A767-8EBE6BCF08A9}
	EndGlobalSection
	GlobalSection(ExtensibilityGlobals) = postSolution
		SolutionGuid = {F60FB323-0B3A-45A8-8AE6-469CDAEC8AFC}
	EndGlobalSection
EndGlobal
